
Microsoft Visual Studio Solution File, Format Version 12.00
# Visual Studio Version 17
VisualStudioVersion = 17.14.36717.8 d17.14
MinimumVisualStudioVersion = 10.0.40219.1
Project("{FAE04EC0-301F-11D3-BF4B-00C04F79EFBC}") = "GeradorFrontendEnterprise", "GeradorFrontendEnterprise.csproj", "{908D9B85-9248-F159-4CD1-7502C865207E}"
EndProject
Global
	GlobalSection(SolutionConfigurationPlatforms) = preSolution
		Debug|Any CPU = Debug|Any CPU
		Release|Any CPU = Release|Any CPU
	EndGlobalSection
	GlobalSection(ProjectConfigurationPlatforms) = postSolution
		{908D9B85-9248-F159-4CD1-7502C865207E}.Debug|Any CPU.ActiveCfg = Debug|Any CPU
		{908D9B85-9248-F159-4CD1-7502C865207E}.Debug|Any CPU.Build.0 = Debug|Any CPU
		{908D9B85-9248-F159-4CD1-7502C865207E}.Release|Any CPU.ActiveCfg = Release|Any CPU
		{908D9B85-9248-F159-4CD1-7502C865207E}.Release|Any CPU.Build.0 = Release|Any CPU
	EndGlobalSection
	GlobalSection(SolutionProperties) = preSolution
		HideSolutionNode = FALSE
	EndGlobalSection
	GlobalSection(ExtensibilityGlobals) = postSolution
		SolutionGuid = {E5BD3C22-72F4-4841-8126-B21F80B7CF15}
	EndGlobalSection
EndGlobal
